
Microsoft Visual Studio Solution File, Format Version 12.00
Project("{FAE04EC0-301F-11D3-BF4B-00C04F79EFBC}") = "SpamOK.PasswordGenerator", "src\SpamOK.PasswordGenerator\SpamOK.PasswordGenerator.csproj", "{07203B82-A8B9-4519-B239-18048F427998}"
EndProject
Project("{2150E333-8FDC-42A3-9474-1A3956D46DE8}") = "src", "src", "{39FCBA8F-B973-4A95-A89D-5E7B7D0F9D87}"
EndProject
Project("{FAE04EC0-301F-11D3-BF4B-00C04F79EFBC}") = "SpamOK.PasswordGenerator.Tests", "src\SpamOK.PasswordGenerator.Tests\SpamOK.PasswordGenerator.Tests.csproj", "{C6099369-7E4F-4046-A263-CD4C6FC544FF}"
EndProject
Global
	GlobalSection(SolutionConfigurationPlatforms) = preSolution
		Debug|Any CPU = Debug|Any CPU
		Release|Any CPU = Release|Any CPU
	EndGlobalSection
	GlobalSection(ProjectConfigurationPlatforms) = postSolution
		{07203B82-A8B9-4519-B239-18048F427998}.Debug|Any CPU.ActiveCfg = Debug|Any CPU
		{07203B82-A8B9-4519-B239-18048F427998}.Debug|Any CPU.Build.0 = Debug|Any CPU
		{07203B82-A8B9-4519-B239-18048F427998}.Release|Any CPU.ActiveCfg = Release|Any CPU
		{07203B82-A8B9-4519-B239-18048F427998}.Release|Any CPU.Build.0 = Release|Any CPU
		{C6099369-7E4F-4046-A263-CD4C6FC544FF}.Debug|Any CPU.ActiveCfg = Debug|Any CPU
		{C6099369-7E4F-4046-A263-CD4C6FC544FF}.Debug|Any CPU.Build.0 = Debug|Any CPU
		{C6099369-7E4F-4046-A263-CD4C6FC544FF}.Release|Any CPU.ActiveCfg = Release|Any CPU
		{C6099369-7E4F-4046-A263-CD4C6FC544FF}.Release|Any CPU.Build.0 = Release|Any CPU
	EndGlobalSection
	GlobalSection(NestedProjects) = preSolution
		{07203B82-A8B9-4519-B239-18048F427998} = {39FCBA8F-B973-4A95-A89D-5E7B7D0F9D87}
		{C6099369-7E4F-4046-A263-CD4C6FC544FF} = {39FCBA8F-B973-4A95-A89D-5E7B7D0F9D87}
	EndGlobalSection
EndGlobal
